{"1.2.0",
[{<<"bbmustache">>,{pkg,<<"bbmustache">>,<<"1.12.2">>},0},
 {<<"mapz">>,{pkg,<<"mapz">>,<<"2.2.0">>},0}]}.
[
{pkg_hash,[
 {<<"bbmustache">>, <<"0CABDCE0DB9FE6D3318131174B9F2B351328A4C0AFBEB3E6E99BB0E02E9B621D">>},
 {<<"mapz">>, <<"81EE5AD249BBC9427DAA6C3EE5166F88A448C5B0B2F5BBEE0495266308AFF2BA">>}]},
{pkg_hash_ext,[
 {<<"bbmustache">>, <<"688B33A4D5CC2D51F575ADF0B3683FC40A38314A2F150906EDCFC77F5B577B3B">>},
 {<<"mapz">>, <<"861A878A86AB7E5897A9B57B3CA0B188FB53CE2935B153872C61F6641E709AA8">>}]}
].
