{"1.2.0",
[{<<"bbmustache">>,{pkg,<<"bbmustache">>,<<"1.12.1">>},0},
 {<<"mapz">>,{pkg,<<"mapz">>,<<"2.2.0">>},0}]}.
[
{pkg_hash,[
 {<<"bbmustache">>, <<"857FBDF86BDA46D07201B0E7A969820CB763A7C174C485FD0780D7E033EFE9F0">>},
 {<<"mapz">>, <<"81EE5AD249BBC9427DAA6C3EE5166F88A448C5B0B2F5BBEE0495266308AFF2BA">>}]},
{pkg_hash_ext,[
 {<<"bbmustache">>, <<"F4320778C31A821A2A664DB8894618ABB79C1AF7BBF7C03C703C8868D9BB09FE">>},
 {<<"mapz">>, <<"861A878A86AB7E5897A9B57B3CA0B188FB53CE2935B153872C61F6641E709AA8">>}]}
].
